
Microsoft Visual Studio Solution File, Format Version 12.00
# Visual Studio 14
VisualStudioVersion = 14.0.25420.1
MinimumVisualStudioVersion = 10.0.40219.1
Project("{2150E333-8FDC-42A3-9474-1A3956D46DE8}") = "src", "src", "{219BA640-4C4B-463C-9107-43058B7E09D5}"
EndProject
Project("{2150E333-8FDC-42A3-9474-1A3956D46DE8}") = "Solution Items", "Solution Items", "{5A90E442-2410-46ED-BD49-14E363D90D2E}"
	ProjectSection(SolutionItems) = preProject
		global.json = global.json
	EndProjectSection
EndProject
Project("{8BB2217D-0F2D-49D1-97BC-3654ED321F3B}") = "UsersRoles", "src\UsersRoles\UsersRoles.xproj", "{4AAB0A2B-6432-44B8-A5ED-39EAF1A6CFAA}"
EndProject
Global
	GlobalSection(SolutionConfigurationPlatforms) = preSolution
		Debug|Any CPU = Debug|Any CPU
		Release|Any CPU = Release|Any CPU
	EndGlobalSection
	GlobalSection(ProjectConfigurationPlatforms) = postSolution
		{4AAB0A2B-6432-44B8-A5ED-39EAF1A6CFAA}.Debug|Any CPU.ActiveCfg = Debug|Any CPU
		{4AAB0A2B-6432-44B8-A5ED-39EAF1A6CFAA}.Debug|Any CPU.Build.0 = Debug|Any CPU
		{4AAB0A2B-6432-44B8-A5ED-39EAF1A6CFAA}.Release|Any CPU.ActiveCfg = Release|Any CPU
		{4AAB0A2B-6432-44B8-A5ED-39EAF1A6CFAA}.Release|Any CPU.Build.0 = Release|Any CPU
	EndGlobalSection
	GlobalSection(SolutionProperties) = preSolution
		HideSolutionNode = FALSE
	EndGlobalSection
	GlobalSection(NestedProjects) = preSolution
		{4AAB0A2B-6432-44B8-A5ED-39EAF1A6CFAA} = {219BA640-4C4B-463C-9107-43058B7E09D5}
	EndGlobalSection
EndGlobal
